// !$*UTF8*$!
{
	archiveVersion = 1;
	classes = {
	};
	objectVersion = 50;
	objects = {

/* Begin PBXBuildFile section */
		DC85346522D62F8600F890DD /* AppDelegate.swift in Sources */ = {isa = PBXBuildFile; fileRef = DC85346422D62F8600F890DD /* AppDelegate.swift */; };
		DC85346722D62F8600F890DD /* ViewController.swift in Sources */ = {isa = PBXBuildFile; fileRef = DC85346622D62F8600F890DD /* ViewController.swift */; };
		DC85346A22D62F8700F890DD /* Main.storyboard in Resources */ = {isa = PBXBuildFile; fileRef = DC85346822D62F8700F890DD /* Main.storyboard */; };
		DC85346C22D62F8900F890DD /* Assets.xcassets in Resources */ = {isa = PBXBuildFile; fileRef = DC85346B22D62F8900F890DD /* Assets.xcassets */; };
		DC85346F22D62F8900F890DD /* LaunchScreen.storyboard in Resources */ = {isa = PBXBuildFile; fileRef = DC85346D22D62F8900F890DD /* LaunchScreen.storyboard */; };
		DC87468B22DF516B003F0198 /* RotationGestureRecognizer.swift in Sources */ = {isa = PBXBuildFile; fileRef = DC87468622DF516B003F0198 /* RotationGestureRecognizer.swift */; };
		DC87468C22DF516B003F0198 /* WheelControl.swift in Sources */ = {isa = PBXBuildFile; fileRef = DC87468722DF516B003F0198 /* WheelControl.swift */; };
/* End PBXBuildFile section */

/* Begin PBXFileReference section */
		DC85346122D62F8600F890DD /* WheelControl.app */ = {isa = PBXFileReference; explicitFileType = wrapper.application; includeInIndex = 0; path = WheelControl.app; sourceTree = BUILT_PRODUCTS_DIR; };
		DC85346422D62F8600F890DD /* AppDelegate.swift */ = {isa = PBXFileReference; lastKnownFileType = sourcecode.swift; path = AppDelegate.swift; sourceTree = "<group>"; };
		DC85346622D62F8600F890DD /* ViewController.swift */ = {isa = PBXFileReference; lastKnownFileType = sourcecode.swift; path = ViewController.swift; sourceTree = "<group>"; };
		DC85346922D62F8700F890DD /* Base */ = {isa = PBXFileReference; lastKnownFileType = file.storyboard; name = Base; path = Base.lproj/Main.storyboard; sourceTree = "<group>"; };
		DC85346B22D62F8900F890DD /* Assets.xcassets */ = {isa = PBXFileReference; lastKnownFileType = folder.assetcatalog; path = Assets.xcassets; sourceTree = "<group>"; };
		DC85346E22D62F8900F890DD /* Base */ = {isa = PBXFileReference; lastKnownFileType = file.storyboard; name = Base; path = Base.lproj/LaunchScreen.storyboard; sourceTree = "<group>"; };
		DC85347022D62F8900F890DD /* Info.plist */ = {isa = PBXFileReference; lastKnownFileType = text.plist.xml; path = Info.plist; sourceTree = "<group>"; };
		DC87468622DF516B003F0198 /* RotationGestureRecognizer.swift */ = {isa = PBXFileReference; fileEncoding = 4; lastKnownFileType = sourcecode.swift; path = RotationGestureRecognizer.swift; sourceTree = "<group>"; };
		DC87468722DF516B003F0198 /* WheelControl.swift */ = {isa = PBXFileReference; fileEncoding = 4; lastKnownFileType = sourcecode.swift; path = WheelControl.swift; sourceTree = "<group>"; };
/* End PBXFileReference section */

/* Begin PBXFrameworksBuildPhase section */
		DC85345E22D62F8600F890DD /* Frameworks */ = {
			isa = PBXFrameworksBuildPhase;
			buildActionMask = 2147483647;
			files = (
			);
			runOnlyForDeploymentPostprocessing = 0;
		};
/* End PBXFrameworksBuildPhase section */

/* Begin PBXGroup section */
		DC85345822D62F8600F890DD = {
			isa = PBXGroup;
			children = (
				DC85346322D62F8600F890DD /* WheelControl */,
				DC85346222D62F8600F890DD /* Products */,
			);
			sourceTree = "<group>";
		};
		DC85346222D62F8600F890DD /* Products */ = {
			isa = PBXGroup;
			children = (
				DC85346122D62F8600F890DD /* WheelControl.app */,
			);
			name = Products;
			sourceTree = "<group>";
		};
		DC85346322D62F8600F890DD /* WheelControl */ = {
			isa = PBXGroup;
			children = (
				DC87468522DF516B003F0198 /* WheelControl */,
				DC85346422D62F8600F890DD /* AppDelegate.swift */,
				DC85346622D62F8600F890DD /* ViewController.swift */,
				DC85346822D62F8700F890DD /* Main.storyboard */,
				DC85346B22D62F8900F890DD /* Assets.xcassets */,
				DC85346D22D62F8900F890DD /* LaunchScreen.storyboard */,
				DC85347022D62F8900F890DD /* Info.plist */,
			);
			path = WheelControl;
			sourceTree = "<group>";
		};
		DC87468522DF516B003F0198 /* WheelControl */ = {
			isa = PBXGroup;
			children = (
				DC87468622DF516B003F0198 /* RotationGestureRecognizer.swift */,
				DC87468722DF516B003F0198 /* WheelControl.swift */,
			);
			path = WheelControl;
			sourceTree = "<group>";
		};
/* End PBXGroup section */

/* Begin PBXNativeTarget section */
		DC85346022D62F8600F890DD /* WheelControl */ = {
			isa = PBXNativeTarget;
			buildConfigurationList = DC85347322D62F8900F890DD /* Build configuration list for PBXNativeTarget "WheelControl" */;
			buildPhases = (
				DC85345D22D62F8600F890DD /* Sources */,
				DC85345E22D62F8600F890DD /* Frameworks */,
				DC85345F22D62F8600F890DD /* Resources */,
			);
			buildRules = (
			);
			dependencies = (
			);
			name = WheelControl;
			productName = WheelControl;
			productReference = DC85346122D62F8600F890DD /* WheelControl.app */;
			productType = "com.apple.product-type.application";
		};
/* End PBXNativeTarget section */

/* Begin PBXProject section */
		DC85345922D62F8600F890DD /* Project object */ = {
			isa = PBXProject;
			attributes = {
				LastSwiftUpdateCheck = 1020;
				LastUpgradeCheck = 1020;
				ORGANIZATIONNAME = "Alexey Ivanov";
				TargetAttributes = {
					DC85346022D62F8600F890DD = {
						CreatedOnToolsVersion = 10.2.1;
					};
				};
			};
			buildConfigurationList = DC85345C22D62F8600F890DD /* Build configuration list for PBXProject "WheelControl" */;
			compatibilityVersion = "Xcode 9.3";
			developmentRegion = en;
			hasScannedForEncodings = 0;
			knownRegions = (
				en,
				Base,
			);
			mainGroup = DC85345822D62F8600F890DD;
			productRefGroup = DC85346222D62F8600F890DD /* Products */;
			projectDirPath = "";
			projectRoot = "";
			targets = (
				DC85346022D62F8600F890DD /* WheelControl */,
			);
		};
/* End PBXProject section */

/* Begin PBXResourcesBuildPhase section */
		DC85345F22D62F8600F890DD /* Resources */ = {
			isa = PBXResourcesBuildPhase;
			buildActionMask = 2147483647;
			files = (
				DC85346F22D62F8900F890DD /* LaunchScreen.storyboard in Resources */,
				DC85346C22D62F8900F890DD /* Assets.xcassets in Resources */,
				DC85346A22D62F8700F890DD /* Main.storyboard in Resources */,
			);
			runOnlyForDeploymentPostprocessing = 0;
		};
/* End PBXResourcesBuildPhase section */

/* Begin PBXSourcesBuildPhase section */
		DC85345D22D62F8600F890DD /* Sources */ = {
			isa = PBXSourcesBuildPhase;
			buildActionMask = 2147483647;
			files = (
				DC85346722D62F8600F890DD /* ViewController.swift in Sources */,
				DC87468B22DF516B003F0198 /* RotationGestureRecognizer.swift in Sources */,
				DC85346522D62F8600F890DD /* AppDelegate.swift in Sources */,
				DC87468C22DF516B003F0198 /* WheelControl.swift in Sources */,
			);
			runOnlyForDeploymentPostprocessing = 0;
		};
/* End PBXSourcesBuildPhase section */

/* Begin PBXVariantGroup section */
		DC85346822D62F8700F890DD /* Main.storyboard */ = {
			isa = PBXVariantGroup;
			children = (
				DC85346922D62F8700F890DD /* Base */,
			);
			name = Main.storyboard;
			sourceTree = "<group>";
		};
		DC85346D22D62F8900F890DD /* LaunchScreen.storyboard */ = {
			isa = PBXVariantGroup;
			children = (
				DC85346E22D62F8900F890DD /* Base */,
			);
			name = LaunchScreen.storyboard;
			sourceTree = "<group>";
		};
/* End PBXVariantGroup section */

/* Begin XCBuildConfiguration section */
		DC85347122D62F8900F890DD /* Debug */ = {
			isa = XCBuildConfiguration;
			buildSettings = {
				ALWAYS_SEARCH_USER_PATHS = NO;
				CLANG_ANALYZER_NONNULL = YES;
				CLANG_ANALYZER_NUMBER_OBJECT_CONVERSION = YES_AGGRESSIVE;
				CLANG_CXX_LANGUAGE_STANDARD = "gnu++14";
				CLANG_CXX_LIBRARY = "libc++";
				CLANG_ENABLE_MODULES = YES;
				CLANG_ENABLE_OBJC_ARC = YES;
				CLANG_ENABLE_OBJC_WEAK = YES;
				CLANG_WARN_BLOCK_CAPTURE_AUTORELEASING = YES;
				CLANG_WARN_BOOL_CONVERSION = YES;
				CLANG_WARN_COMMA = YES;
				CLANG_WARN_CONSTANT_CONVERSION = YES;
				CLANG_WARN_DEPRECATED_OBJC_IMPLEMENTATIONS = YES;
				CLANG_WARN_DIRECT_OBJC_ISA_USAGE = YES_ERROR;
				CLANG_WARN_DOCUMENTATION_COMMENTS = YES;
				CLANG_WARN_EMPTY_BODY = YES;
				CLANG_WARN_ENUM_CONVERSION = YES;
				CLANG_WARN_INFINITE_RECURSION = YES;
				CLANG_WARN_INT_CONVERSION = YES;
				CLANG_WARN_NON_LITERAL_NULL_CONVERSION = YES;
				CLANG_WARN_OBJC_IMPLICIT_RETAIN_SELF = YES;
				CLANG_WARN_OBJC_LITERAL_CONVERSION = YES;
				CLANG_WARN_OBJC_ROOT_CLASS = YES_ERROR;
				CLANG_WARN_RANGE_LOOP_ANALYSIS = YES;
				CLANG_WARN_STRICT_PROTOTYPES = YES;
				CLANG_WARN_SUSPICIOUS_MOVE = YES;
				CLANG_WARN_UNGUARDED_AVAILABILITY = YES_AGGRESSIVE;
				CLANG_WARN_UNREACHABLE_CODE = YES;
				CLANG_WARN__DUPLICATE_METHOD_MATCH = YES;
				CODE_SIGN_IDENTITY = "iPhone Developer";
				COPY_PHASE_STRIP = NO;
				DEBUG_INFORMATION_FORMAT = dwarf;
				ENABLE_STRICT_OBJC_MSGSEND = YES;
				ENABLE_TESTABILITY = YES;
				GCC_C_LANGUAGE_STANDARD = gnu11;
				GCC_DYNAMIC_NO_PIC = NO;
				GCC_NO_COMMON_BLOCKS = YES;
				GCC_OPTIMIZATION_LEVEL = 0;
				GCC_PREPROCESSOR_DEFINITIONS = (
					"DEBUG=1",
					"$(inherited)",
				);
				GCC_WARN_64_TO_32_BIT_CONVERSION = YES;
				GCC_WARN_ABOUT_RETURN_TYPE = YES_ERROR;
				GCC_WARN_UNDECLARED_SELECTOR = YES;
				GCC_WARN_UNINITIALIZED_AUTOS = YES_AGGRESSIVE;
				GCC_WARN_UNUSED_FUNCTION = YES;
				GCC_WARN_UNUSED_VARIABLE = YES;
				IPHONEOS_DEPLOYMENT_TARGET = 12.2;
				MTL_ENABLE_DEBUG_INFO = INCLUDE_SOURCE;
				MTL_FAST_MATH = YES;
				ONLY_ACTIVE_ARCH = YES;
				SDKROOT = iphoneos;
				SWIFT_ACTIVE_COMPILATION_CONDITIONS = DEBUG;
				SWIFT_OPTIMIZATION_LEVEL = "-Onone";
			};
			name = Debug;
		};
		DC85347222D62F8900F890DD /* Release */ = {
			isa = XCBuildConfiguration;
			buildSettings = {
				ALWAYS_SEARCH_USER_PATHS = NO;
				CLANG_ANALYZER_NONNULL = YES;
				CLANG_ANALYZER_NUMBER_OBJECT_CONVERSION = YES_AGGRESSIVE;
				CLANG_CXX_LANGUAGE_STANDARD = "gnu++14";
				CLANG_CXX_LIBRARY = "libc++";
				CLANG_ENABLE_MODULES = YES;
				CLANG_ENABLE_OBJC_ARC = YES;
				CLANG_ENABLE_OBJC_WEAK = YES;
				CLANG_WARN_BLOCK_CAPTURE_AUTORELEASING = YES;
				CLANG_WARN_BOOL_CONVERSION = YES;
				CLANG_WARN_COMMA = YES;
				CLANG_WARN_CONSTANT_CONVERSION = YES;
				CLANG_WARN_DEPRECATED_OBJC_IMPLEMENTATIONS = YES;
				CLANG_WARN_DIRECT_OBJC_ISA_USAGE = YES_ERROR;
				CLANG_WARN_DOCUMENTATION_COMMENTS = YES;
				CLANG_WARN_EMPTY_BODY = YES;
				CLANG_WARN_ENUM_CONVERSION = YES;
				CLANG_WARN_INFINITE_RECURSION = YES;
				CLANG_WARN_INT_CONVERSION = YES;
				CLANG_WARN_NON_LITERAL_NULL_CONVERSION = YES;
				CLANG_WARN_OBJC_IMPLICIT_RETAIN_SELF = YES;
				CLANG_WARN_OBJC_LITERAL_CONVERSION = YES;
				CLANG_WARN_OBJC_ROOT_CLASS = YES_ERROR;
				CLANG_WARN_RANGE_LOOP_ANALYSIS = YES;
				CLANG_WARN_STRICT_PROTOTYPES = YES;
				CLANG_WARN_SUSPICIOUS_MOVE = YES;
				CLANG_WARN_UNGUARDED_AVAILABILITY = YES_AGGRESSIVE;
				CLANG_WARN_UNREACHABLE_CODE = YES;
				CLANG_WARN__DUPLICATE_METHOD_MATCH = YES;
				CODE_SIGN_IDENTITY = "iPhone Developer";
				COPY_PHASE_STRIP = NO;
				DEBUG_INFORMATION_FORMAT = "dwarf-with-dsym";
				ENABLE_NS_ASSERTIONS = NO;
				ENABLE_STRICT_OBJC_MSGSEND = YES;
				GCC_C_LANGUAGE_STANDARD = gnu11;
				GCC_NO_COMMON_BLOCKS = YES;
				GCC_WARN_64_TO_32_BIT_CONVERSION = YES;
				GCC_WARN_ABOUT_RETURN_TYPE = YES_ERROR;
				GCC_WARN_UNDECLARED_SELECTOR = YES;
				GCC_WARN_UNINITIALIZED_AUTOS = YES_AGGRESSIVE;
				GCC_WARN_UNUSED_FUNCTION = YES;
				GCC_WARN_UNUSED_VARIABLE = YES;
				IPHONEOS_DEPLOYMENT_TARGET = 12.2;
				MTL_ENABLE_DEBUG_INFO = NO;
				MTL_FAST_MATH = YES;
				SDKROOT = iphoneos;
				SWIFT_COMPILATION_MODE = wholemodule;
				SWIFT_OPTIMIZATION_LEVEL = "-O";
				VALIDATE_PRODUCT = YES;
			};
			name = Release;
		};
		DC85347422D62F8900F890DD /* Debug */ = {
			isa = XCBuildConfiguration;
			buildSettings = {
				ASSETCATALOG_COMPILER_APPICON_NAME = AppIcon;
				CODE_SIGN_STYLE = Automatic;
				DEVELOPMENT_TEAM = 657GC2CXLB;
				INFOPLIST_FILE = WheelControl/Info.plist;
				IPHONEOS_DEPLOYMENT_TARGET = 11.0;
				LD_RUNPATH_SEARCH_PATHS = (
					"$(inherited)",
					"@executable_path/Frameworks",
				);
				PRODUCT_BUNDLE_IDENTIFIER = com.alexeyivanov.WheelControl;
				PRODUCT_NAME = "$(TARGET_NAME)";
				SWIFT_VERSION = 5.0;
				TARGETED_DEVICE_FAMILY = "1,2";
			};
			name = Debug;
		};
		DC85347522D62F8900F890DD /* Release */ = {
			isa = XCBuildConfiguration;
			buildSettings = {
				ASSETCATALOG_COMPILER_APPICON_NAME = AppIcon;
				CODE_SIGN_STYLE = Automatic;
				DEVELOPMENT_TEAM = 657GC2CXLB;
				INFOPLIST_FILE = WheelControl/Info.plist;
				IPHONEOS_DEPLOYMENT_TARGET = 11.0;
				LD_RUNPATH_SEARCH_PATHS = (
					"$(inherited)",
					"@executable_path/Frameworks",
				);
				PRODUCT_BUNDLE_IDENTIFIER = com.alexeyivanov.WheelControl;
				PRODUCT_NAME = "$(TARGET_NAME)";
				SWIFT_VERSION = 5.0;
				TARGETED_DEVICE_FAMILY = "1,2";
			};
			name = Release;
		};
/* End XCBuildConfiguration section */

/* Begin XCConfigurationList section */
		DC85345C22D62F8600F890DD /* Build configuration list for PBXProject "WheelControl" */ = {
			isa = XCConfigurationList;
			buildConfigurations = (
				DC85347122D62F8900F890DD /* Debug */,
				DC85347222D62F8900F890DD /* Release */,
			);
			defaultConfigurationIsVisible = 0;
			defaultConfigurationName = Release;
		};
		DC85347322D62F8900F890DD /* Build configuration list for PBXNativeTarget "WheelControl" */ = {
			isa = XCConfigurationList;
			buildConfigurations = (
				DC85347422D62F8900F890DD /* Debug */,
				DC85347522D62F8900F890DD /* Release */,
			);
			defaultConfigurationIsVisible = 0;
			defaultConfigurationName = Release;
		};
/* End XCConfigurationList section */
	};
	rootObject = DC85345922D62F8600F890DD /* Project object */;
}
